
Microsoft Visual Studio Solution File, Format Version 12.00
# Visual Studio Version 17
VisualStudioVersion = 17.14.36401.2
MinimumVisualStudioVersion = 10.0.40219.1
Project("{FAE04EC0-301F-11D3-BF4B-00C04F79EFBC}") = "BarberBoss.Api", "src\BarberBoss.Api\BarberBoss.Api.csproj", "{6959C9C9-FCD2-4CEE-BE51-A952A9417976}"
EndProject
Project("{2150E333-8FDC-42A3-9474-1A3956D46DE8}") = "src", "src", "{02EA681E-C7D8-13C7-8484-4AC65E1B71E8}"
EndProject
Project("{2150E333-8FDC-42A3-9474-1A3956D46DE8}") = "tests", "tests", "{074C8661-4D41-4010-8DBE-70FD2BAA8848}"
EndProject
Project("{FAE04EC0-301F-11D3-BF4B-00C04F79EFBC}") = "BarberBoss.Application", "src\BarberBoss.Application\BarberBoss.Application.csproj", "{725B71E5-674D-4E92-933F-07FD89147DF4}"
EndProject
Project("{FAE04EC0-301F-11D3-BF4B-00C04F79EFBC}") = "BarberBoss.Communication", "src\BarberBoss.Communication\BarberBoss.Communication.csproj", "{EE03C1AD-26BC-4B18-99F0-328EEF11FB51}"
EndProject
Project("{FAE04EC0-301F-11D3-BF4B-00C04F79EFBC}") = "BarberBoss.Domain", "src\BarberBoss.Domain\BarberBoss.Domain.csproj", "{A547632B-AB72-452C-8715-33E7ACDA6B9E}"
EndProject
Project("{FAE04EC0-301F-11D3-BF4B-00C04F79EFBC}") = "BarberBoss.Infrastructure", "src\BarberBoss.Infrastructure\BarberBoss.Infrastructure.csproj", "{BFF1F9F0-BE3A-4413-9FF4-C328C4DB0074}"
EndProject
Project("{FAE04EC0-301F-11D3-BF4B-00C04F79EFBC}") = "BarberBoss.Exception", "src\BarberBoss.Exception\BarberBoss.Exception.csproj", "{8BA6F044-68EF-40AE-AE1C-443949520430}"
EndProject
Project("{FAE04EC0-301F-11D3-BF4B-00C04F79EFBC}") = "CommonTestUtilities", "tests\CommonTestUtilities\CommonTestUtilities.csproj", "{C9ADCA47-C418-4625-B0C5-ADB20A2FBD10}"
EndProject
Project("{FAE04EC0-301F-11D3-BF4B-00C04F79EFBC}") = "Validators.Tests", "tests\Validators.Tests\Validators.Tests.csproj", "{6A821C03-C3F1-4441-B4A2-FAF80CDA97A5}"
EndProject
Project("{FAE04EC0-301F-11D3-BF4B-00C04F79EFBC}") = "UseCases.Test", "tests\UseCases.Test\UseCases.Test.csproj", "{B0570675-8D6F-452F-B2FF-1C898EA700B6}"
EndProject
Project("{FAE04EC0-301F-11D3-BF4B-00C04F79EFBC}") = "WebApi.Test", "tests\WebApi.Test\WebApi.Test.csproj", "{E3F01AAA-D98D-4D62-A237-D5BF5974D44D}"
EndProject
Global
	GlobalSection(SolutionConfigurationPlatforms) = preSolution
		Debug|Any CPU = Debug|Any CPU
		Debug|x64 = Debug|x64
		Debug|x86 = Debug|x86
		Release|Any CPU = Release|Any CPU
		Release|x64 = Release|x64
		Release|x86 = Release|x86
	EndGlobalSection
	GlobalSection(ProjectConfigurationPlatforms) = postSolution
		{6959C9C9-FCD2-4CEE-BE51-A952A9417976}.Debug|Any CPU.ActiveCfg = Debug|Any CPU
		{6959C9C9-FCD2-4CEE-BE51-A952A9417976}.Debug|Any CPU.Build.0 = Debug|Any CPU
		{6959C9C9-FCD2-4CEE-BE51-A952A9417976}.Debug|x64.ActiveCfg = Debug|Any CPU
		{6959C9C9-FCD2-4CEE-BE51-A952A9417976}.Debug|x64.Build.0 = Debug|Any CPU
		{6959C9C9-FCD2-4CEE-BE51-A952A9417976}.Debug|x86.ActiveCfg = Debug|Any CPU
		{6959C9C9-FCD2-4CEE-BE51-A952A9417976}.Debug|x86.Build.0 = Debug|Any CPU
		{6959C9C9-FCD2-4CEE-BE51-A952A9417976}.Release|Any CPU.ActiveCfg = Release|Any CPU
		{6959C9C9-FCD2-4CEE-BE51-A952A9417976}.Release|Any CPU.Build.0 = Release|Any CPU
		{6959C9C9-FCD2-4CEE-BE51-A952A9417976}.Release|x64.ActiveCfg = Release|Any CPU
		{6959C9C9-FCD2-4CEE-BE51-A952A9417976}.Release|x64.Build.0 = Release|Any CPU
		{6959C9C9-FCD2-4CEE-BE51-A952A9417976}.Release|x86.ActiveCfg = Release|Any CPU
		{6959C9C9-FCD2-4CEE-BE51-A952A9417976}.Release|x86.Build.0 = Release|Any CPU
		{725B71E5-674D-4E92-933F-07FD89147DF4}.Debug|Any CPU.ActiveCfg = Debug|Any CPU
		{725B71E5-674D-4E92-933F-07FD89147DF4}.Debug|Any CPU.Build.0 = Debug|Any CPU
		{725B71E5-674D-4E92-933F-07FD89147DF4}.Debug|x64.ActiveCfg = Debug|Any CPU
		{725B71E5-674D-4E92-933F-07FD89147DF4}.Debug|x64.Build.0 = Debug|Any CPU
		{725B71E5-674D-4E92-933F-07FD89147DF4}.Debug|x86.ActiveCfg = Debug|Any CPU
		{725B71E5-674D-4E92-933F-07FD89147DF4}.Debug|x86.Build.0 = Debug|Any CPU
		{725B71E5-674D-4E92-933F-07FD89147DF4}.Release|Any CPU.ActiveCfg = Release|Any CPU
		{725B71E5-674D-4E92-933F-07FD89147DF4}.Release|Any CPU.Build.0 = Release|Any CPU
		{725B71E5-674D-4E92-933F-07FD89147DF4}.Release|x64.ActiveCfg = Release|Any CPU
		{725B71E5-674D-4E92-933F-07FD89147DF4}.Release|x64.Build.0 = Release|Any CPU
		{725B71E5-674D-4E92-933F-07FD89147DF4}.Release|x86.ActiveCfg = Release|Any CPU
		{725B71E5-674D-4E92-933F-07FD89147DF4}.Release|x86.Build.0 = Release|Any CPU
		{EE03C1AD-26BC-4B18-99F0-328EEF11FB51}.Debug|Any CPU.ActiveCfg = Debug|Any CPU
		{EE03C1AD-26BC-4B18-99F0-328EEF11FB51}.Debug|Any CPU.Build.0 = Debug|Any CPU
		{EE03C1AD-26BC-4B18-99F0-328EEF11FB51}.Debug|x64.ActiveCfg = Debug|Any CPU
		{EE03C1AD-26BC-4B18-99F0-328EEF11FB51}.Debug|x64.Build.0 = Debug|Any CPU
		{EE03C1AD-26BC-4B18-99F0-328EEF11FB51}.Debug|x86.ActiveCfg = Debug|Any CPU
		{EE03C1AD-26BC-4B18-99F0-328EEF11FB51}.Debug|x86.Build.0 = Debug|Any CPU
		{EE03C1AD-26BC-4B18-99F0-328EEF11FB51}.Release|Any CPU.ActiveCfg = Release|Any CPU
		{EE03C1AD-26BC-4B18-99F0-328EEF11FB51}.Release|Any CPU.Build.0 = Release|Any CPU
		{EE03C1AD-26BC-4B18-99F0-328EEF11FB51}.Release|x64.ActiveCfg = Release|Any CPU
		{EE03C1AD-26BC-4B18-99F0-328EEF11FB51}.Release|x64.Build.0 = Release|Any CPU
		{EE03C1AD-26BC-4B18-99F0-328EEF11FB51}.Release|x86.ActiveCfg = Release|Any CPU
		{EE03C1AD-26BC-4B18-99F0-328EEF11FB51}.Release|x86.Build.0 = Release|Any CPU
		{A547632B-AB72-452C-8715-33E7ACDA6B9E}.Debug|Any CPU.ActiveCfg = Debug|Any CPU
		{A547632B-AB72-452C-8715-33E7ACDA6B9E}.Debug|Any CPU.Build.0 = Debug|Any CPU
		{A547632B-AB72-452C-8715-33E7ACDA6B9E}.Debug|x64.ActiveCfg = Debug|Any CPU
		{A547632B-AB72-452C-8715-33E7ACDA6B9E}.Debug|x64.Build.0 = Debug|Any CPU
		{A547632B-AB72-452C-8715-33E7ACDA6B9E}.Debug|x86.ActiveCfg = Debug|Any CPU
		{A547632B-AB72-452C-8715-33E7ACDA6B9E}.Debug|x86.Build.0 = Debug|Any CPU
		{A547632B-AB72-452C-8715-33E7ACDA6B9E}.Release|Any CPU.ActiveCfg = Release|Any CPU
		{A547632B-AB72-452C-8715-33E7ACDA6B9E}.Release|Any CPU.Build.0 = Release|Any CPU
		{A547632B-AB72-452C-8715-33E7ACDA6B9E}.Release|x64.ActiveCfg = Release|Any CPU
		{A547632B-AB72-452C-8715-33E7ACDA6B9E}.Release|x64.Build.0 = Release|Any CPU
		{A547632B-AB72-452C-8715-33E7ACDA6B9E}.Release|x86.ActiveCfg = Release|Any CPU
		{A547632B-AB72-452C-8715-33E7ACDA6B9E}.Release|x86.Build.0 = Release|Any CPU
		{BFF1F9F0-BE3A-4413-9FF4-C328C4DB0074}.Debug|Any CPU.ActiveCfg = Debug|Any CPU
		{BFF1F9F0-BE3A-4413-9FF4-C328C4DB0074}.Debug|Any CPU.Build.0 = Debug|Any CPU
		{BFF1F9F0-BE3A-4413-9FF4-C328C4DB0074}.Debug|x64.ActiveCfg = Debug|Any CPU
		{BFF1F9F0-BE3A-4413-9FF4-C328C4DB0074}.Debug|x64.Build.0 = Debug|Any CPU
		{BFF1F9F0-BE3A-4413-9FF4-C328C4DB0074}.Debug|x86.ActiveCfg = Debug|Any CPU
		{BFF1F9F0-BE3A-4413-9FF4-C328C4DB0074}.Debug|x86.Build.0 = Debug|Any CPU
		{BFF1F9F0-BE3A-4413-9FF4-C328C4DB0074}.Release|Any CPU.ActiveCfg = Release|Any CPU
		{BFF1F9F0-BE3A-4413-9FF4-C328C4DB0074}.Release|Any CPU.Build.0 = Release|Any CPU
		{BFF1F9F0-BE3A-4413-9FF4-C328C4DB0074}.Release|x64.ActiveCfg = Release|Any CPU
		{BFF1F9F0-BE3A-4413-9FF4-C328C4DB0074}.Release|x64.Build.0 = Release|Any CPU
		{BFF1F9F0-BE3A-4413-9FF4-C328C4DB0074}.Release|x86.ActiveCfg = Release|Any CPU
		{BFF1F9F0-BE3A-4413-9FF4-C328C4DB0074}.Release|x86.Build.0 = Release|Any CPU
		{8BA6F044-68EF-40AE-AE1C-443949520430}.Debug|Any CPU.ActiveCfg = Debug|Any CPU
		{8BA6F044-68EF-40AE-AE1C-443949520430}.Debug|Any CPU.Build.0 = Debug|Any CPU
		{8BA6F044-68EF-40AE-AE1C-443949520430}.Debug|x64.ActiveCfg = Debug|Any CPU
		{8BA6F044-68EF-40AE-AE1C-443949520430}.Debug|x64.Build.0 = Debug|Any CPU
		{8BA6F044-68EF-40AE-AE1C-443949520430}.Debug|x86.ActiveCfg = Debug|Any CPU
		{8BA6F044-68EF-40AE-AE1C-443949520430}.Debug|x86.Build.0 = Debug|Any CPU
		{8BA6F044-68EF-40AE-AE1C-443949520430}.Release|Any CPU.ActiveCfg = Release|Any CPU
		{8BA6F044-68EF-40AE-AE1C-443949520430}.Release|Any CPU.Build.0 = Release|Any CPU
		{8BA6F044-68EF-40AE-AE1C-443949520430}.Release|x64.ActiveCfg = Release|Any CPU
		{8BA6F044-68EF-40AE-AE1C-443949520430}.Release|x64.Build.0 = Release|Any CPU
		{8BA6F044-68EF-40AE-AE1C-443949520430}.Release|x86.ActiveCfg = Release|Any CPU
		{8BA6F044-68EF-40AE-AE1C-443949520430}.Release|x86.Build.0 = Release|Any CPU
		{C9ADCA47-C418-4625-B0C5-ADB20A2FBD10}.Debug|Any CPU.ActiveCfg = Debug|Any CPU
		{C9ADCA47-C418-4625-B0C5-ADB20A2FBD10}.Debug|Any CPU.Build.0 = Debug|Any CPU
		{C9ADCA47-C418-4625-B0C5-ADB20A2FBD10}.Debug|x64.ActiveCfg = Debug|Any CPU
		{C9ADCA47-C418-4625-B0C5-ADB20A2FBD10}.Debug|x64.Build.0 = Debug|Any CPU
		{C9ADCA47-C418-4625-B0C5-ADB20A2FBD10}.Debug|x86.ActiveCfg = Debug|Any CPU
		{C9ADCA47-C418-4625-B0C5-ADB20A2FBD10}.Debug|x86.Build.0 = Debug|Any CPU
		{C9ADCA47-C418-4625-B0C5-ADB20A2FBD10}.Release|Any CPU.ActiveCfg = Release|Any CPU
		{C9ADCA47-C418-4625-B0C5-ADB20A2FBD10}.Release|Any CPU.Build.0 = Release|Any CPU
		{C9ADCA47-C418-4625-B0C5-ADB20A2FBD10}.Release|x64.ActiveCfg = Release|Any CPU
		{C9ADCA47-C418-4625-B0C5-ADB20A2FBD10}.Release|x64.Build.0 = Release|Any CPU
		{C9ADCA47-C418-4625-B0C5-ADB20A2FBD10}.Release|x86.ActiveCfg = Release|Any CPU
		{C9ADCA47-C418-4625-B0C5-ADB20A2FBD10}.Release|x86.Build.0 = Release|Any CPU
		{6A821C03-C3F1-4441-B4A2-FAF80CDA97A5}.Debug|Any CPU.ActiveCfg = Debug|Any CPU
		{6A821C03-C3F1-4441-B4A2-FAF80CDA97A5}.Debug|Any CPU.Build.0 = Debug|Any CPU
		{6A821C03-C3F1-4441-B4A2-FAF80CDA97A5}.Debug|x64.ActiveCfg = Debug|Any CPU
		{6A821C03-C3F1-4441-B4A2-FAF80CDA97A5}.Debug|x64.Build.0 = Debug|Any CPU
		{6A821C03-C3F1-4441-B4A2-FAF80CDA97A5}.Debug|x86.ActiveCfg = Debug|Any CPU
		{6A821C03-C3F1-4441-B4A2-FAF80CDA97A5}.Debug|x86.Build.0 = Debug|Any CPU
		{6A821C03-C3F1-4441-B4A2-FAF80CDA97A5}.Release|Any CPU.ActiveCfg = Release|Any CPU
		{6A821C03-C3F1-4441-B4A2-FAF80CDA97A5}.Release|Any CPU.Build.0 = Release|Any CPU
		{6A821C03-C3F1-4441-B4A2-FAF80CDA97A5}.Release|x64.ActiveCfg = Release|Any CPU
		{6A821C03-C3F1-4441-B4A2-FAF80CDA97A5}.Release|x64.Build.0 = Release|Any CPU
		{6A821C03-C3F1-4441-B4A2-FAF80CDA97A5}.Release|x86.ActiveCfg = Release|Any CPU
		{6A821C03-C3F1-4441-B4A2-FAF80CDA97A5}.Release|x86.Build.0 = Release|Any CPU
		{B0570675-8D6F-452F-B2FF-1C898EA700B6}.Debug|Any CPU.ActiveCfg = Debug|Any CPU
		{B0570675-8D6F-452F-B2FF-1C898EA700B6}.Debug|Any CPU.Build.0 = Debug|Any CPU
		{B0570675-8D6F-452F-B2FF-1C898EA700B6}.Debug|x64.ActiveCfg = Debug|Any CPU
		{B0570675-8D6F-452F-B2FF-1C898EA700B6}.Debug|x64.Build.0 = Debug|Any CPU
		{B0570675-8D6F-452F-B2FF-1C898EA700B6}.Debug|x86.ActiveCfg = Debug|Any CPU
		{B0570675-8D6F-452F-B2FF-1C898EA700B6}.Debug|x86.Build.0 = Debug|Any CPU
		{B0570675-8D6F-452F-B2FF-1C898EA700B6}.Release|Any CPU.ActiveCfg = Release|Any CPU
		{B0570675-8D6F-452F-B2FF-1C898EA700B6}.Release|Any CPU.Build.0 = Release|Any CPU
		{B0570675-8D6F-452F-B2FF-1C898EA700B6}.Release|x64.ActiveCfg = Release|Any CPU
		{B0570675-8D6F-452F-B2FF-1C898EA700B6}.Release|x64.Build.0 = Release|Any CPU
		{B0570675-8D6F-452F-B2FF-1C898EA700B6}.Release|x86.ActiveCfg = Release|Any CPU
		{B0570675-8D6F-452F-B2FF-1C898EA700B6}.Release|x86.Build.0 = Release|Any CPU
		{E3F01AAA-D98D-4D62-A237-D5BF5974D44D}.Debug|Any CPU.ActiveCfg = Debug|Any CPU
		{E3F01AAA-D98D-4D62-A237-D5BF5974D44D}.Debug|Any CPU.Build.0 = Debug|Any CPU
		{E3F01AAA-D98D-4D62-A237-D5BF5974D44D}.Debug|x64.ActiveCfg = Debug|Any CPU
		{E3F01AAA-D98D-4D62-A237-D5BF5974D44D}.Debug|x64.Build.0 = Debug|Any CPU
		{E3F01AAA-D98D-4D62-A237-D5BF5974D44D}.Debug|x86.ActiveCfg = Debug|Any CPU
		{E3F01AAA-D98D-4D62-A237-D5BF5974D44D}.Debug|x86.Build.0 = Debug|Any CPU
		{E3F01AAA-D98D-4D62-A237-D5BF5974D44D}.Release|Any CPU.ActiveCfg = Release|Any CPU
		{E3F01AAA-D98D-4D62-A237-D5BF5974D44D}.Release|Any CPU.Build.0 = Release|Any CPU
		{E3F01AAA-D98D-4D62-A237-D5BF5974D44D}.Release|x64.ActiveCfg = Release|Any CPU
		{E3F01AAA-D98D-4D62-A237-D5BF5974D44D}.Release|x64.Build.0 = Release|Any CPU
		{E3F01AAA-D98D-4D62-A237-D5BF5974D44D}.Release|x86.ActiveCfg = Release|Any CPU
		{E3F01AAA-D98D-4D62-A237-D5BF5974D44D}.Release|x86.Build.0 = Release|Any CPU
	EndGlobalSection
	GlobalSection(SolutionProperties) = preSolution
		HideSolutionNode = FALSE
	EndGlobalSection
	GlobalSection(NestedProjects) = preSolution
		{6959C9C9-FCD2-4CEE-BE51-A952A9417976} = {02EA681E-C7D8-13C7-8484-4AC65E1B71E8}
		{725B71E5-674D-4E92-933F-07FD89147DF4} = {02EA681E-C7D8-13C7-8484-4AC65E1B71E8}
		{EE03C1AD-26BC-4B18-99F0-328EEF11FB51} = {02EA681E-C7D8-13C7-8484-4AC65E1B71E8}
		{A547632B-AB72-452C-8715-33E7ACDA6B9E} = {02EA681E-C7D8-13C7-8484-4AC65E1B71E8}
		{BFF1F9F0-BE3A-4413-9FF4-C328C4DB0074} = {02EA681E-C7D8-13C7-8484-4AC65E1B71E8}
		{8BA6F044-68EF-40AE-AE1C-443949520430} = {02EA681E-C7D8-13C7-8484-4AC65E1B71E8}
		{C9ADCA47-C418-4625-B0C5-ADB20A2FBD10} = {074C8661-4D41-4010-8DBE-70FD2BAA8848}
		{6A821C03-C3F1-4441-B4A2-FAF80CDA97A5} = {074C8661-4D41-4010-8DBE-70FD2BAA8848}
		{B0570675-8D6F-452F-B2FF-1C898EA700B6} = {074C8661-4D41-4010-8DBE-70FD2BAA8848}
		{E3F01AAA-D98D-4D62-A237-D5BF5974D44D} = {074C8661-4D41-4010-8DBE-70FD2BAA8848}
	EndGlobalSection
	GlobalSection(ExtensibilityGlobals) = postSolution
		SolutionGuid = {3A674178-9015-4464-8F7E-AE23A28A6786}
	EndGlobalSection
EndGlobal
